// !$*UTF8*$!
{
	archiveVersion = 1;
	classes = {
	};
	objectVersion = 46;
	objects = {

/* Begin PBXBuildFile section */
		C986C1981BFC8E6E00A2596C /* AppDelegate.swift in Sources */ = {isa = PBXBuildFile; fileRef = C986C1971BFC8E6E00A2596C /* AppDelegate.swift */; };
		C986C19A1BFC8E6E00A2596C /* ViewController.swift in Sources */ = {isa = PBXBuildFile; fileRef = C986C1991BFC8E6E00A2596C /* ViewController.swift */; };
		C986C19D1BFC8E6E00A2596C /* Main.storyboard in Resources */ = {isa = PBXBuildFile; fileRef = C986C19B1BFC8E6E00A2596C /* Main.storyboard */; };
		C986C19F1BFC8E6E00A2596C /* Assets.xcassets in Resources */ = {isa = PBXBuildFile; fileRef = C986C19E1BFC8E6E00A2596C /* Assets.xcassets */; };
		C986C1A21BFC8E6E00A2596C /* LaunchScreen.storyboard in Resources */ = {isa = PBXBuildFile; fileRef = C986C1A01BFC8E6E00A2596C /* LaunchScreen.storyboard */; };
		C986C1AD1BFC8E6E00A2596C /* iOS_firstTests.swift in Sources */ = {isa = PBXBuildFile; fileRef = C986C1AC1BFC8E6E00A2596C /* iOS_firstTests.swift */; };
		C986C1B81BFC8E6E00A2596C /* iOS_firstUITests.swift in Sources */ = {isa = PBXBuildFile; fileRef = C986C1B71BFC8E6E00A2596C /* iOS_firstUITests.swift */; };
		C986C1C51BFCA78F00A2596C /* Main.storyboard in Resources */ = {isa = PBXBuildFile; fileRef = C986C19B1BFC8E6E00A2596C /* Main.storyboard */; };
		C986C1C61BFCA78F00A2596C /* Main.storyboard in Resources */ = {isa = PBXBuildFile; fileRef = C986C19B1BFC8E6E00A2596C /* Main.storyboard */; };
/* End PBXBuildFile section */

/* Begin PBXContainerItemProxy section */
		C986C1A91BFC8E6E00A2596C /* PBXContainerItemProxy */ = {
			isa = PBXContainerItemProxy;
			containerPortal = C986C18C1BFC8E6E00A2596C /* Project object */;
			proxyType = 1;
			remoteGlobalIDString = C986C1931BFC8E6E00A2596C;
			remoteInfo = iOS_first;
		};
		C986C1B41BFC8E6E00A2596C /* PBXContainerItemProxy */ = {
			isa = PBXContainerItemProxy;
			containerPortal = C986C18C1BFC8E6E00A2596C /* Project object */;
			proxyType = 1;
			remoteGlobalIDString = C986C1931BFC8E6E00A2596C;
			remoteInfo = iOS_first;
		};
/* End PBXContainerItemProxy section */

/* Begin PBXFileReference section */
		C986C1941BFC8E6E00A2596C /* iOS_first.app */ = {isa = PBXFileReference; explicitFileType = wrapper.application; includeInIndex = 0; path = iOS_first.app; sourceTree = BUILT_PRODUCTS_DIR; };
		C986C1971BFC8E6E00A2596C /* AppDelegate.swift */ = {isa = PBXFileReference; lastKnownFileType = sourcecode.swift; path = AppDelegate.swift; sourceTree = "<group>"; };
		C986C1991BFC8E6E00A2596C /* ViewController.swift */ = {isa = PBXFileReference; lastKnownFileType = sourcecode.swift; path = ViewController.swift; sourceTree = "<group>"; };
		C986C19C1BFC8E6E00A2596C /* Base */ = {isa = PBXFileReference; lastKnownFileType = file.storyboard; name = Base; path = Base.lproj/Main.storyboard; sourceTree = "<group>"; };
		C986C19E1BFC8E6E00A2596C /* Assets.xcassets */ = {isa = PBXFileReference; lastKnownFileType = folder.assetcatalog; path = Assets.xcassets; sourceTree = "<group>"; };
		C986C1A11BFC8E6E00A2596C /* Base */ = {isa = PBXFileReference; lastKnownFileType = file.storyboard; name = Base; path = Base.lproj/LaunchScreen.storyboard; sourceTree = "<group>"; };
		C986C1A31BFC8E6E00A2596C /* Info.plist */ = {isa = PBXFileReference; lastKnownFileType = text.plist.xml; path = Info.plist; sourceTree = "<group>"; };
		C986C1A81BFC8E6E00A2596C /* iOS_firstTests.xctest */ = {isa = PBXFileReference; explicitFileType = wrapper.cfbundle; includeInIndex = 0; path = iOS_firstTests.xctest; sourceTree = BUILT_PRODUCTS_DIR; };
		C986C1AC1BFC8E6E00A2596C /* iOS_firstTests.swift */ = {isa = PBXFileReference; lastKnownFileType = sourcecode.swift; path = iOS_firstTests.swift; sourceTree = "<group>"; };
		C986C1AE1BFC8E6E00A2596C /* Info.plist */ = {isa = PBXFileReference; lastKnownFileType = text.plist.xml; path = Info.plist; sourceTree = "<group>"; };
		C986C1B31BFC8E6E00A2596C /* iOS_firstUITests.xctest */ = {isa = PBXFileReference; explicitFileType = wrapper.cfbundle; includeInIndex = 0; path = iOS_firstUITests.xctest; sourceTree = BUILT_PRODUCTS_DIR; };
		C986C1B71BFC8E6E00A2596C /* iOS_firstUITests.swift */ = {isa = PBXFileReference; lastKnownFileType = sourcecode.swift; path = iOS_firstUITests.swift; sourceTree = "<group>"; };
		C986C1B91BFC8E6E00A2596C /* Info.plist */ = {isa = PBXFileReference; lastKnownFileType = text.plist.xml; path = Info.plist; sourceTree = "<group>"; };
/* End PBXFileReference section */

/* Begin PBXFrameworksBuildPhase section */
		C986C1911BFC8E6E00A2596C /* Frameworks */ = {
			isa = PBXFrameworksBuildPhase;
			buildActionMask = 2147483647;
			files = (
			);
			runOnlyForDeploymentPostprocessing = 0;
		};
		C986C1A51BFC8E6E00A2596C /* Frameworks */ = {
			isa = PBXFrameworksBuildPhase;
			buildActionMask = 2147483647;
			files = (
			);
			runOnlyForDeploymentPostprocessing = 0;
		};
		C986C1B01BFC8E6E00A2596C /* Frameworks */ = {
			isa = PBXFrameworksBuildPhase;
			buildActionMask = 2147483647;
			files = (
			);
			runOnlyForDeploymentPostprocessing = 0;
		};
/* End PBXFrameworksBuildPhase section */

/* Begin PBXGroup section */
		C986C18B1BFC8E6E00A2596C = {
			isa = PBXGroup;
			children = (
				C986C1961BFC8E6E00A2596C /* iOS_first */,
				C986C1AB1BFC8E6E00A2596C /* iOS_firstTests */,
				C986C1B61BFC8E6E00A2596C /* iOS_firstUITests */,
				C986C1951BFC8E6E00A2596C /* Products */,
			);
			sourceTree = "<group>";
		};
		C986C1951BFC8E6E00A2596C /* Products */ = {
			isa = PBXGroup;
			children = (
				C986C1941BFC8E6E00A2596C /* iOS_first.app */,
				C986C1A81BFC8E6E00A2596C /* iOS_firstTests.xctest */,
				C986C1B31BFC8E6E00A2596C /* iOS_firstUITests.xctest */,
			);
			name = Products;
			sourceTree = "<group>";
		};
		C986C1961BFC8E6E00A2596C /* iOS_first */ = {
			isa = PBXGroup;
			children = (
				C986C1971BFC8E6E00A2596C /* AppDelegate.swift */,
				C986C1991BFC8E6E00A2596C /* ViewController.swift */,
				C986C19B1BFC8E6E00A2596C /* Main.storyboard */,
				C986C19E1BFC8E6E00A2596C /* Assets.xcassets */,
				C986C1A01BFC8E6E00A2596C /* LaunchScreen.storyboard */,
				C986C1A31BFC8E6E00A2596C /* Info.plist */,
			);
			path = iOS_first;
			sourceTree = "<group>";
		};
		C986C1AB1BFC8E6E00A2596C /* iOS_firstTests */ = {
			isa = PBXGroup;
			children = (
				C986C1AC1BFC8E6E00A2596C /* iOS_firstTests.swift */,
				C986C1AE1BFC8E6E00A2596C /* Info.plist */,
			);
			path = iOS_firstTests;
			sourceTree = "<group>";
		};
		C986C1B61BFC8E6E00A2596C /* iOS_firstUITests */ = {
			isa = PBXGroup;
			children = (
				C986C1B71BFC8E6E00A2596C /* iOS_firstUITests.swift */,
				C986C1B91BFC8E6E00A2596C /* Info.plist */,
			);
			path = iOS_firstUITests;
			sourceTree = "<group>";
		};
/* End PBXGroup section */

/* Begin PBXNativeTarget section */
		C986C1931BFC8E6E00A2596C /* iOS_first */ = {
			isa = PBXNativeTarget;
			buildConfigurationList = C986C1BC1BFC8E6E00A2596C /* Build configuration list for PBXNativeTarget "iOS_first" */;
			buildPhases = (
				C986C1901BFC8E6E00A2596C /* Sources */,
				C986C1911BFC8E6E00A2596C /* Frameworks */,
				C986C1921BFC8E6E00A2596C /* Resources */,
			);
			buildRules = (
			);
			dependencies = (
			);
			name = iOS_first;
			productName = iOS_first;
			productReference = C986C1941BFC8E6E00A2596C /* iOS_first.app */;
			productType = "com.apple.product-type.application";
		};
		C986C1A71BFC8E6E00A2596C /* iOS_firstTests */ = {
			isa = PBXNativeTarget;
			buildConfigurationList = C986C1BF1BFC8E6E00A2596C /* Build configuration list for PBXNativeTarget "iOS_firstTests" */;
			buildPhases = (
				C986C1A41BFC8E6E00A2596C /* Sources */,
				C986C1A51BFC8E6E00A2596C /* Frameworks */,
				C986C1A61BFC8E6E00A2596C /* Resources */,
			);
			buildRules = (
			);
			dependencies = (
				C986C1AA1BFC8E6E00A2596C /* PBXTargetDependency */,
			);
			name = iOS_firstTests;
			productName = iOS_firstTests;
			productReference = C986C1A81BFC8E6E00A2596C /* iOS_firstTests.xctest */;
			productType = "com.apple.product-type.bundle.unit-test";
		};
		C986C1B21BFC8E6E00A2596C /* iOS_firstUITests */ = {
			isa = PBXNativeTarget;
			buildConfigurationList = C986C1C21BFC8E6E00A2596C /* Build configuration list for PBXNativeTarget "iOS_firstUITests" */;
			buildPhases = (
				C986C1AF1BFC8E6E00A2596C /* Sources */,
				C986C1B01BFC8E6E00A2596C /* Frameworks */,
				C986C1B11BFC8E6E00A2596C /* Resources */,
			);
			buildRules = (
			);
			dependencies = (
				C986C1B51BFC8E6E00A2596C /* PBXTargetDependency */,
			);
			name = iOS_firstUITests;
			productName = iOS_firstUITests;
			productReference = C986C1B31BFC8E6E00A2596C /* iOS_firstUITests.xctest */;
			productType = "com.apple.product-type.bundle.ui-testing";
		};
/* End PBXNativeTarget section */

/* Begin PBXProject section */
		C986C18C1BFC8E6E00A2596C /* Project object */ = {
			isa = PBXProject;
			attributes = {
				LastSwiftUpdateCheck = 0710;
				LastUpgradeCheck = 0710;
				ORGANIZATIONNAME = Matt;
				TargetAttributes = {
					C986C1931BFC8E6E00A2596C = {
						CreatedOnToolsVersion = 7.1.1;
					};
					C986C1A71BFC8E6E00A2596C = {
						CreatedOnToolsVersion = 7.1.1;
						TestTargetID = C986C1931BFC8E6E00A2596C;
					};
					C986C1B21BFC8E6E00A2596C = {
						CreatedOnToolsVersion = 7.1.1;
						TestTargetID = C986C1931BFC8E6E00A2596C;
					};
				};
			};
			buildConfigurationList = C986C18F1BFC8E6E00A2596C /* Build configuration list for PBXProject "iOS_first" */;
			compatibilityVersion = "Xcode 3.2";
			developmentRegion = English;
			hasScannedForEncodings = 0;
			knownRegions = (
				en,
				Base,
			);
			mainGroup = C986C18B1BFC8E6E00A2596C;
			productRefGroup = C986C1951BFC8E6E00A2596C /* Products */;
			projectDirPath = "";
			projectRoot = "";
			targets = (
				C986C1931BFC8E6E00A2596C /* iOS_first */,
				C986C1A71BFC8E6E00A2596C /* iOS_firstTests */,
				C986C1B21BFC8E6E00A2596C /* iOS_firstUITests */,
			);
		};
/* End PBXProject section */

/* Begin PBXResourcesBuildPhase section */
		C986C1921BFC8E6E00A2596C /* Resources */ = {
			isa = PBXResourcesBuildPhase;
			buildActionMask = 2147483647;
			files = (
				C986C1A21BFC8E6E00A2596C /* LaunchScreen.storyboard in Resources */,
				C986C19F1BFC8E6E00A2596C /* Assets.xcassets in Resources */,
				C986C19D1BFC8E6E00A2596C /* Main.storyboard in Resources */,
			);
			runOnlyForDeploymentPostprocessing = 0;
		};
		C986C1A61BFC8E6E00A2596C /* Resources */ = {
			isa = PBXResourcesBuildPhase;
			buildActionMask = 2147483647;
			files = (
				C986C1C51BFCA78F00A2596C /* Main.storyboard in Resources */,
			);
			runOnlyForDeploymentPostprocessing = 0;
		};
		C986C1B11BFC8E6E00A2596C /* Resources */ = {
			isa = PBXResourcesBuildPhase;
			buildActionMask = 2147483647;
			files = (
				C986C1C61BFCA78F00A2596C /* Main.storyboard in Resources */,
			);
			runOnlyForDeploymentPostprocessing = 0;
		};
/* End PBXResourcesBuildPhase section */

/* Begin PBXSourcesBuildPhase section */
		C986C1901BFC8E6E00A2596C /* Sources */ = {
			isa = PBXSourcesBuildPhase;
			buildActionMask = 2147483647;
			files = (
				C986C19A1BFC8E6E00A2596C /* ViewController.swift in Sources */,
				C986C1981BFC8E6E00A2596C /* AppDelegate.swift in Sources */,
			);
			runOnlyForDeploymentPostprocessing = 0;
		};
		C986C1A41BFC8E6E00A2596C /* Sources */ = {
			isa = PBXSourcesBuildPhase;
			buildActionMask = 2147483647;
			files = (
				C986C1AD1BFC8E6E00A2596C /* iOS_firstTests.swift in Sources */,
			);
			runOnlyForDeploymentPostprocessing = 0;
		};
		C986C1AF1BFC8E6E00A2596C /* Sources */ = {
			isa = PBXSourcesBuildPhase;
			buildActionMask = 2147483647;
			files = (
				C986C1B81BFC8E6E00A2596C /* iOS_firstUITests.swift in Sources */,
			);
			runOnlyForDeploymentPostprocessing = 0;
		};
/* End PBXSourcesBuildPhase section */

/* Begin PBXTargetDependency section */
		C986C1AA1BFC8E6E00A2596C /* PBXTargetDependency */ = {
			isa = PBXTargetDependency;
			target = C986C1931BFC8E6E00A2596C /* iOS_first */;
			targetProxy = C986C1A91BFC8E6E00A2596C /* PBXContainerItemProxy */;
		};
		C986C1B51BFC8E6E00A2596C /* PBXTargetDependency */ = {
			isa = PBXTargetDependency;
			target = C986C1931BFC8E6E00A2596C /* iOS_first */;
			targetProxy = C986C1B41BFC8E6E00A2596C /* PBXContainerItemProxy */;
		};
/* End PBXTargetDependency section */

/* Begin PBXVariantGroup section */
		C986C19B1BFC8E6E00A2596C /* Main.storyboard */ = {
			isa = PBXVariantGroup;
			children = (
				C986C19C1BFC8E6E00A2596C /* Base */,
			);
			name = Main.storyboard;
			sourceTree = "<group>";
		};
		C986C1A01BFC8E6E00A2596C /* LaunchScreen.storyboard */ = {
			isa = PBXVariantGroup;
			children = (
				C986C1A11BFC8E6E00A2596C /* Base */,
			);
			name = LaunchScreen.storyboard;
			sourceTree = "<group>";
		};
/* End PBXVariantGroup section */

/* Begin XCBuildConfiguration section */
		C986C1BA1BFC8E6E00A2596C /* Debug */ = {
			isa = XCBuildConfiguration;
			buildSettings = {
				ALWAYS_SEARCH_USER_PATHS = NO;
				CLANG_CXX_LANGUAGE_STANDARD = "gnu++0x";
				CLANG_CXX_LIBRARY = "libc++";
				CLANG_ENABLE_MODULES = YES;
				CLANG_ENABLE_OBJC_ARC = YES;
				CLANG_WARN_BOOL_CONVERSION = YES;
				CLANG_WARN_CONSTANT_CONVERSION = YES;
				CLANG_WARN_DIRECT_OBJC_ISA_USAGE = YES_ERROR;
				CLANG_WARN_EMPTY_BODY = YES;
				CLANG_WARN_ENUM_CONVERSION = YES;
				CLANG_WARN_INT_CONVERSION = YES;
				CLANG_WARN_OBJC_ROOT_CLASS = YES_ERROR;
				CLANG_WARN_UNREACHABLE_CODE = YES;
				CLANG_WARN__DUPLICATE_METHOD_MATCH = YES;
				"CODE_SIGN_IDENTITY[sdk=iphoneos*]" = "iPhone Developer";
				COPY_PHASE_STRIP = NO;
				DEBUG_INFORMATION_FORMAT = dwarf;
				ENABLE_STRICT_OBJC_MSGSEND = YES;
				ENABLE_TESTABILITY = YES;
				GCC_C_LANGUAGE_STANDARD = gnu99;
				GCC_DYNAMIC_NO_PIC = NO;
				GCC_NO_COMMON_BLOCKS = YES;
				GCC_OPTIMIZATION_LEVEL = 0;
				GCC_PREPROCESSOR_DEFINITIONS = (
					"DEBUG=1",
					"$(inherited)",
				);
				GCC_WARN_64_TO_32_BIT_CONVERSION = YES;
				GCC_WARN_ABOUT_RETURN_TYPE = YES_ERROR;
				GCC_WARN_UNDECLARED_SELECTOR = YES;
				GCC_WARN_UNINITIALIZED_AUTOS = YES_AGGRESSIVE;
				GCC_WARN_UNUSED_FUNCTION = YES;
				GCC_WARN_UNUSED_VARIABLE = YES;
				IPHONEOS_DEPLOYMENT_TARGET = 9.1;
				MTL_ENABLE_DEBUG_INFO = YES;
				ONLY_ACTIVE_ARCH = YES;
				SDKROOT = iphoneos;
				SWIFT_OPTIMIZATION_LEVEL = "-Onone";
				TARGETED_DEVICE_FAMILY = "1,2";
			};
			name = Debug;
		};
		C986C1BB1BFC8E6E00A2596C /* Release */ = {
			isa = XCBuildConfiguration;
			buildSettings = {
				ALWAYS_SEARCH_USER_PATHS = NO;
				CLANG_CXX_LANGUAGE_STANDARD = "gnu++0x";
				CLANG_CXX_LIBRARY = "libc++";
				CLANG_ENABLE_MODULES = YES;
				CLANG_ENABLE_OBJC_ARC = YES;
				CLANG_WARN_BOOL_CONVERSION = YES;
				CLANG_WARN_CONSTANT_CONVERSION = YES;
				CLANG_WARN_DIRECT_OBJC_ISA_USAGE = YES_ERROR;
				CLANG_WARN_EMPTY_BODY = YES;
				CLANG_WARN_ENUM_CONVERSION = YES;
				CLANG_WARN_INT_CONVERSION = YES;
				CLANG_WARN_OBJC_ROOT_CLASS = YES_ERROR;
				CLANG_WARN_UNREACHABLE_CODE = YES;
				CLANG_WARN__DUPLICATE_METHOD_MATCH = YES;
				"CODE_SIGN_IDENTITY[sdk=iphoneos*]" = "iPhone Developer";
				COPY_PHASE_STRIP = NO;
				DEBUG_INFORMATION_FORMAT = "dwarf-with-dsym";
				ENABLE_NS_ASSERTIONS = NO;
				ENABLE_STRICT_OBJC_MSGSEND = YES;
				GCC_C_LANGUAGE_STANDARD = gnu99;
				GCC_NO_COMMON_BLOCKS = YES;
				GCC_WARN_64_TO_32_BIT_CONVERSION = YES;
				GCC_WARN_ABOUT_RETURN_TYPE = YES_ERROR;
				GCC_WARN_UNDECLARED_SELECTOR = YES;
				GCC_WARN_UNINITIALIZED_AUTOS = YES_AGGRESSIVE;
				GCC_WARN_UNUSED_FUNCTION = YES;
				GCC_WARN_UNUSED_VARIABLE = YES;
				IPHONEOS_DEPLOYMENT_TARGET = 9.1;
				MTL_ENABLE_DEBUG_INFO = NO;
				SDKROOT = iphoneos;
				TARGETED_DEVICE_FAMILY = "1,2";
				VALIDATE_PRODUCT = YES;
			};
			name = Release;
		};
		C986C1BD1BFC8E6E00A2596C /* Debug */ = {
			isa = XCBuildConfiguration;
			buildSettings = {
				ASSETCATALOG_COMPILER_APPICON_NAME = AppIcon;
				INFOPLIST_FILE = iOS_first/Info.plist;
				LD_RUNPATH_SEARCH_PATHS = "$(inherited) @executable_path/Frameworks";
				PRODUCT_BUNDLE_IDENTIFIER = "ABS.iOS-first";
				PRODUCT_NAME = "$(TARGET_NAME)";
				TARGETED_DEVICE_FAMILY = "1,2";
			};
			name = Debug;
		};
		C986C1BE1BFC8E6E00A2596C /* Release */ = {
			isa = XCBuildConfiguration;
			buildSettings = {
				ASSETCATALOG_COMPILER_APPICON_NAME = AppIcon;
				INFOPLIST_FILE = iOS_first/Info.plist;
				LD_RUNPATH_SEARCH_PATHS = "$(inherited) @executable_path/Frameworks";
				PRODUCT_BUNDLE_IDENTIFIER = "ABS.iOS-first";
				PRODUCT_NAME = "$(TARGET_NAME)";
				TARGETED_DEVICE_FAMILY = "1,2";
			};
			name = Release;
		};
		C986C1C01BFC8E6E00A2596C /* Debug */ = {
			isa = XCBuildConfiguration;
			buildSettings = {
				BUNDLE_LOADER = "$(TEST_HOST)";
				INFOPLIST_FILE = iOS_firstTests/Info.plist;
				LD_RUNPATH_SEARCH_PATHS = "$(inherited) @executable_path/Frameworks @loader_path/Frameworks";
				PRODUCT_BUNDLE_IDENTIFIER = "ABS.iOS-firstTests";
				PRODUCT_NAME = "$(TARGET_NAME)";
				TEST_HOST = "$(BUILT_PRODUCTS_DIR)/iOS_first.app/iOS_first";
			};
			name = Debug;
		};
		C986C1C11BFC8E6E00A2596C /* Release */ = {
			isa = XCBuildConfiguration;
			buildSettings = {
				BUNDLE_LOADER = "$(TEST_HOST)";
				INFOPLIST_FILE = iOS_firstTests/Info.plist;
				LD_RUNPATH_SEARCH_PATHS = "$(inherited) @executable_path/Frameworks @loader_path/Frameworks";
				PRODUCT_BUNDLE_IDENTIFIER = "ABS.iOS-firstTests";
				PRODUCT_NAME = "$(TARGET_NAME)";
				TEST_HOST = "$(BUILT_PRODUCTS_DIR)/iOS_first.app/iOS_first";
			};
			name = Release;
		};
		C986C1C31BFC8E6E00A2596C /* Debug */ = {
			isa = XCBuildConfiguration;
			buildSettings = {
				INFOPLIST_FILE = iOS_firstUITests/Info.plist;
				LD_RUNPATH_SEARCH_PATHS = "$(inherited) @executable_path/Frameworks @loader_path/Frameworks";
				PRODUCT_BUNDLE_IDENTIFIER = "ABS.iOS-firstUITests";
				PRODUCT_NAME = "$(TARGET_NAME)";
				TEST_TARGET_NAME = iOS_first;
				USES_XCTRUNNER = YES;
			};
			name = Debug;
		};
		C986C1C41BFC8E6E00A2596C /* Release */ = {
			isa = XCBuildConfiguration;
			buildSettings = {
				INFOPLIST_FILE = iOS_firstUITests/Info.plist;
				LD_RUNPATH_SEARCH_PATHS = "$(inherited) @executable_path/Frameworks @loader_path/Frameworks";
				PRODUCT_BUNDLE_IDENTIFIER = "ABS.iOS-firstUITests";
				PRODUCT_NAME = "$(TARGET_NAME)";
				TEST_TARGET_NAME = iOS_first;
				USES_XCTRUNNER = YES;
			};
			name = Release;
		};
/* End XCBuildConfiguration section */

/* Begin XCConfigurationList section */
		C986C18F1BFC8E6E00A2596C /* Build configuration list for PBXProject "iOS_first" */ = {
			isa = XCConfigurationList;
			buildConfigurations = (
				C986C1BA1BFC8E6E00A2596C /* Debug */,
				C986C1BB1BFC8E6E00A2596C /* Release */,
			);
			defaultConfigurationIsVisible = 0;
			defaultConfigurationName = Release;
		};
		C986C1BC1BFC8E6E00A2596C /* Build configuration list for PBXNativeTarget "iOS_first" */ = {
			isa = XCConfigurationList;
			buildConfigurations = (
				C986C1BD1BFC8E6E00A2596C /* Debug */,
				C986C1BE1BFC8E6E00A2596C /* Release */,
			);
			defaultConfigurationIsVisible = 0;
		};
		C986C1BF1BFC8E6E00A2596C /* Build configuration list for PBXNativeTarget "iOS_firstTests" */ = {
			isa = XCConfigurationList;
			buildConfigurations = (
				C986C1C01BFC8E6E00A2596C /* Debug */,
				C986C1C11BFC8E6E00A2596C /* Release */,
			);
			defaultConfigurationIsVisible = 0;
		};
		C986C1C21BFC8E6E00A2596C /* Build configuration list for PBXNativeTarget "iOS_firstUITests" */ = {
			isa = XCConfigurationList;
			buildConfigurations = (
				C986C1C31BFC8E6E00A2596C /* Debug */,
				C986C1C41BFC8E6E00A2596C /* Release */,
			);
			defaultConfigurationIsVisible = 0;
		};
/* End XCConfigurationList section */
	};
	rootObject = C986C18C1BFC8E6E00A2596C /* Project object */;
}
